github.com/alecthomas/assert/v2 v2.1.0 h1:tbredtNcQnoSd3QBhQWI7QZ3XHOVkw1Moklp2ojoH/0=
github.com/alecthomas/kong v0.7.1 h1:azoTh0IOfwlAX3qN9sHWTxACE2oV8Bg2gAwBsMwDQY4=
github.com/alecthomas/kong v0.7.1/go.mod h1:n1iCIO2xS46oE8ZfYCNDqdR0b0wZNrXAIAqro/2132U=
github.com/alecthomas/repr v0.1.0 h1:ENn2e1+J3k09gyj2shc0dHr/yjaWSHRlrJ4DPMevDqE=
github.com/beorn7/perks v1.0.1 h1:VlbKKnNfV8bJzeqoa4cOKqO6bYr3WgKZxO8Z16+hsOM=
github.com/beorn7/perks v1.0.1/go.mod h1:G2ZrVWU2WbWT9wwq4/hrbKbnv/1ERSJQ0ibhJ6rlkpw=
github.com/cespare/xxhash/v2 v2.2.0 h1:DC2CZ1Ep5Y4k3ZQ899DldepgrayRUGE6BBZ/cd9Cj44=
github.com/cespare/xxhash/v2 v2.2.0/go.mod h1:VGX0DQ3Q6kWi7AoAeZDth3/j3BFtOZR5XLFGgcrjCOs=
github.com/davecgh/go-spew v1.1.1 h1:vj9j/u1bqnvCEfJOwUhtlOARqs3+rkHYY13jYWTU97c=
github.com/golang/glog v1.0.0 h1:nfP3RFugxnNRyKgeWd4oI1nYvXpxrx8ck8ZrcizshdQ=
github.com/golang/protobuf v1.2.0/go.mod h1:6lQm79b+lXiMfvg/cZm0SGofjICqVBUtrP5yJMmIC1U=
github.com/golang/protobuf v1.3.5/go.mod h1:6O5/vntMXwX2lRkT1hjjk0nAC1IDOTvTlVgjlRvqsdk=
github.com/golang/protobuf v1.5.0/go.mod h1:FsONVRAS9T7sI+LIUmWTfcYkHO4aIWwzhcaSAoJOfIk=
github.com/golang/protobuf v1.5.2 h1:ROPKBNFfQgOUMifHyP+KYbvpjbdoFNs+aK7DXlji0Tw=
github.com/golang/protobuf v1.5.2/go.mod h1:XVQd3VNwM+JqD3oG2Ue2ip4fOMUkwXdXDdiuN0vRsmY=
github.com/google/go-cmp v0.5.5/go.mod h1:v8dTdLbMG2kIc/vJvl+f65V22dbkXbowE6jgT/gNBxE=
github.com/google/go-cmp v0.5.9 h1:O2Tfq5qg4qc4AmwVlvv0oLiVAGB7enBSJ2x2DqQFi38=
github.com/google/pprof v0.0.0-20221203041831-ce31453925ec h1:fR20TYVVwhK4O7r7y+McjRYyaTH6/vjwJOajE+XhlzM=
github.com/google/pprof v0.0.0-20221203041831-ce31453925ec/go.mod h1:dDKJzRmX4S37WGHujM7tX//fmj1uioxKzKxz3lo4HJo=
github.com/grpc-ecosystem/go-grpc-prometheus v1.2.0 h1:Ovs26xHkKqVztRpIrF/92BcuyuQ/YW4NSIpoGtfXNho=
github.com/grpc-ecosystem/go-grpc-prometheus v1.2.0/go.mod h1:8NvIoxWQoOIhqOTXgfV/d3M/q6VIi02HzZEHgUlZvzk=
github.com/grpc-ecosystem/grpc-gateway/v2 v2.14.0 h1:t7uX3JBHdVwAi3G7sSSdbsk8NfgA+LnUS88V/2EKaA0=
github.com/grpc-ecosystem/grpc-gateway/v2 v2.14.0/go.mod h1:4OGVnY4qf2+gw+ssiHbW+pq4mo2yko94YxxMmXZ7jCA=
github.com/hexops/gotextdiff v1.0.3 h1:gitA9+qJrrTCsiCl7+kh75nPqQt1cx4ZkudSTLoUqJM=
github.com/matttproud/golang_protobuf_extensions v1.0.4 h1:mmDVorXM7PCGKw94cs5zkfA9PSy5pEvNWRP0ET0TIVo=
github.com/matttproud/golang_protobuf_extensions v1.0.4/go.mod h1:BSXmuO+STAnVfrANrmjBb36TMTDstsz7MSK+HVaYKv4=
github.com/oklog/run v1.1.0 h1:GEenZ1cK0+q0+wsJew9qUg/DyD8k3JzYsZAi5gYi2mA=
github.com/oklog/run v1.1.0/go.mod h1:sVPdnTZT1zYwAJeCMu2Th4T21pA3FPOQRfWjQlk7DVU=
github.com/parca-dev/parca v0.15.0 h1:4BMYVLjkyJInM8FQNSqPRgIPfV69osOX0iShP8b5jBc=
github.com/parca-dev/parca v0.15.0/go.mod h1:wwZlGYTZuUuj97Y+KINw1sgixjj9rr7FGM5weNLg494=
github.com/pmezard/go-difflib v1.0.0 h1:4DBwDE0NGyQoBHbLQYPwSUPoCMWR5BEzIk/f1lZbAQM=
github.com/prometheus/client_golang v1.14.0 h1:nJdhIvne2eSX/XRAFV9PcvFFRbrjbcTUj0VP62TMhnw=
github.com/prometheus/client_golang v1.14.0/go.mod h1:8vpkKitgIVNcqrRBWh1C4TIUQgYNtG/XQE4E/Zae36Y=
github.com/prometheus/client_model v0.3.0 h1:UBgGFHqYdG/TPFD1B1ogZywDqEkwp3fBMvqdiQ7Xew4=
github.com/prometheus/client_model v0.3.0/go.mod h1:LDGWKZIo7rky3hgvBe+caln+Dr3dPggB5dvjtD7w9+w=
github.com/prometheus/common v0.39.0 h1:oOyhkDq05hPZKItWVBkJ6g6AtGxi+fy7F4JvUV8uhsI=
github.com/prometheus/common v0.39.0/go.mod h1:6XBZ7lYdLCbkAVhwRsWTZn+IN5AB9F/NXd5w0BbEX0Y=
github.com/prometheus/procfs v0.9.0 h1:wzCHvIvM5SxWqYvwgVL7yJY8Lz3PKn49KQtpgMYJfhI=
github.com/prometheus/procfs v0.9.0/go.mod h1:+pB4zwohETzFnmlpe6yd2lSc+0/46IYZRB/chUwxUZY=
github.com/stretchr/testify v1.8.1 h1:w7B6lhMri9wdJUVmEZPGGhZzrYTPvgJArz7wNPgYKsk=
golang.org/x/net v0.5.0 h1:GyT4nK/YDHSqa1c4753ouYCDajOYKTja9Xb/OHtgvSw=
golang.org/x/net v0.5.0/go.mod h1:DivGGAXEgPSlEBzxGzZI+ZLohi+xUj054jfeKui00ws=
golang.org/x/sync v0.0.0-20181221193216-37e7f081c4d4/go.mod h1:RxMgew5VJxzue5/jJTE5uejpjVlOe/izrB70Jof72aM=
golang.org/x/sys v0.5.0 h1:MUK/U/4lj1t1oPg0HfuXDN/Z1wv31ZJ/YcPiGccS4DU=
golang.org/x/sys v0.5.0/go.mod h1:oPkhp1MJrh7nUepCBck5+mAzfO9JrbApNNgaTdGDITg=
golang.org/x/text v0.6.0 h1:3XmdazWV+ubf7QgHSTWeykHOci5oeekaGJBLkrkaw4k=
golang.org/x/text v0.6.0/go.mod h1:mrYo+phRRbMaCq/xk9113O4dZlRixOauAjOtrjsXDZ8=
golang.org/x/xerrors v0.0.0-20191204190536-9bdfabe68543/go.mod h1:I/5z698sn9Ka8TeJc9MKroUUfqBBauWjQqLJ2OPfmY0=
google.golang.org/genproto v0.0.0-20230110181048-76db0878b65f h1:BWUVssLB0HVOSY78gIdvk1dTVYtT1y8SBWtPYuTJ/6w=
google.golang.org/genproto v0.0.0-20230110181048-76db0878b65f/go.mod h1:RGgjbofJ8xD9Sq1VVhDM1Vok1vRONV+rg+CjzG4SZKM=
google.golang.org/grpc v1.53.0 h1:LAv2ds7cmFV/XTS3XG1NneeENYrXGmorPxsBbptIjNc=
google.golang.org/grpc v1.53.0/go.mod h1:OnIrk0ipVdj4N5d9IUoFUx72/VlD7+jUsHwZgwSMQpw=
google.golang.org/protobuf v1.26.0-rc.1/go.mod h1:jlhhOSvTdKEhbULTjvd4ARK9grFBp09yW+WbY/TyQbw=
google.golang.org/protobuf v1.26.0/go.mod h1:9q0QmTI4eRPtz6boOQmLYwt+qCgq0jsYwAQnmE0givc=
google.golang.org/protobuf v1.28.1 h1:d0NfwRgPtno5B1Wa6L2DAG+KivqkdutMf1UhdNx175w=
google.golang.org/protobuf v1.28.1/go.mod h1:HV8QOd/L58Z+nl8r43ehVNZIU/HEI6OcFqwMG9pJV4I=
gopkg.in/yaml.v3 v3.0.1 h1:fxVm/GzAzEWqLHuvctI91KS9hhNmmWOoWu0XTYJS7CA=
